
Microsoft Visual Studio Solution File, Format Version 12.00
# Visual Studio 2017
Project("{FAE04EC0-301F-11D3-BF4B-00C04F79EFBC}") = "Rpi 3.0", "Rpi 3.0.csproj", "{580DB7DF-3CC5-370F-4721-45C155B13BA2}"
EndProject
Project("{FAE04EC0-301F-11D3-BF4B-00C04F79EFBC}") = "Rpi 3.0.Editor", "Rpi 3.0.Editor.csproj", "{4B08A153-52F3-4DCB-8CF2-2760775213FC}"
EndProject
Global
	GlobalSection(SolutionConfigurationPlatforms) = preSolution
		Debug|Any CPU = Debug|Any CPU
		Release|Any CPU = Release|Any CPU
	EndGlobalSection
	GlobalSection(ProjectConfigurationPlatforms) = postSolution
		{580DB7DF-3CC5-370F-4721-45C155B13BA2}.Debug|Any CPU.ActiveCfg = Debug|Any CPU
		{580DB7DF-3CC5-370F-4721-45C155B13BA2}.Debug|Any CPU.Build.0 = Debug|Any CPU
		{580DB7DF-3CC5-370F-4721-45C155B13BA2}.Release|Any CPU.ActiveCfg = Release|Any CPU
		{580DB7DF-3CC5-370F-4721-45C155B13BA2}.Release|Any CPU.Build.0 = Release|Any CPU
		{4B08A153-52F3-4DCB-8CF2-2760775213FC}.Debug|Any CPU.ActiveCfg = Debug|Any CPU
		{4B08A153-52F3-4DCB-8CF2-2760775213FC}.Debug|Any CPU.Build.0 = Debug|Any CPU
		{4B08A153-52F3-4DCB-8CF2-2760775213FC}.Release|Any CPU.ActiveCfg = Release|Any CPU
		{4B08A153-52F3-4DCB-8CF2-2760775213FC}.Release|Any CPU.Build.0 = Release|Any CPU
	EndGlobalSection
	GlobalSection(SolutionProperties) = preSolution
		HideSolutionNode = FALSE
	EndGlobalSection
EndGlobal
